
Microsoft Visual Studio Solution File, Format Version 12.00
# Visual Studio Version 16
VisualStudioVersion = 16.0.32228.343
MinimumVisualStudioVersion = 10.0.40219.1
Project("{9A19103F-16F7-4668-BE54-9A1E7A4F7556}") = "stack-queue-brackets", "stack-queue-brackets\stack-queue-brackets.csproj", "{4C08580B-834B-4722-AB79-9952B12F93B8}"
EndProject
Project("{FAE04EC0-301F-11D3-BF4B-00C04F79EFBC}") = "Testbrackets", "Testbrackets\Testbrackets.csproj", "{994A31CC-2247-4BF6-B5F4-F406DEF865AE}"
EndProject
Global
	GlobalSection(SolutionConfigurationPlatforms) = preSolution
		Debug|Any CPU = Debug|Any CPU
		Release|Any CPU = Release|Any CPU
	EndGlobalSection
	GlobalSection(ProjectConfigurationPlatforms) = postSolution
		{4C08580B-834B-4722-AB79-9952B12F93B8}.Debug|Any CPU.ActiveCfg = Debug|Any CPU
		{4C08580B-834B-4722-AB79-9952B12F93B8}.Debug|Any CPU.Build.0 = Debug|Any CPU
		{4C08580B-834B-4722-AB79-9952B12F93B8}.Release|Any CPU.ActiveCfg = Release|Any CPU
		{4C08580B-834B-4722-AB79-9952B12F93B8}.Release|Any CPU.Build.0 = Release|Any CPU
		{994A31CC-2247-4BF6-B5F4-F406DEF865AE}.Debug|Any CPU.ActiveCfg = Debug|Any CPU
		{994A31CC-2247-4BF6-B5F4-F406DEF865AE}.Debug|Any CPU.Build.0 = Debug|Any CPU
		{994A31CC-2247-4BF6-B5F4-F406DEF865AE}.Release|Any CPU.ActiveCfg = Release|Any CPU
		{994A31CC-2247-4BF6-B5F4-F406DEF865AE}.Release|Any CPU.Build.0 = Release|Any CPU
	EndGlobalSection
	GlobalSection(SolutionProperties) = preSolution
		HideSolutionNode = FALSE
	EndGlobalSection
	GlobalSection(ExtensibilityGlobals) = postSolution
		SolutionGuid = {02CF7352-BB65-4536-835A-21792B92365F}
	EndGlobalSection
EndGlobal
