
Microsoft Visual Studio Solution File, Format Version 12.00
# Visual Studio Version 16
VisualStudioVersion = 16.0.32228.343
MinimumVisualStudioVersion = 10.0.40219.1
Project("{9A19103F-16F7-4668-BE54-9A1E7A4F7556}") = "Graphs", "Graphs\Graphs.csproj", "{A75BE539-3E93-4C8F-9EC1-25747F7E7C5E}"
EndProject
Project("{9A19103F-16F7-4668-BE54-9A1E7A4F7556}") = "TestGraphs", "TestGraphs\TestGraphs.csproj", "{ACB06D49-2895-4992-AF30-9E717A6FC16E}"
EndProject
Project("{9A19103F-16F7-4668-BE54-9A1E7A4F7556}") = "TestBreadth-First", "TestBreadth-First\TestBreadth-First.csproj", "{34FF3C63-9930-4CEA-81AF-16D647060889}"
EndProject
Project("{9A19103F-16F7-4668-BE54-9A1E7A4F7556}") = "TestBusines", "TestBusines\TestBusines.csproj", "{DD92668C-7E13-412E-9DB0-1D9CAF3C86E4}"
EndProject
Project("{FAE04EC0-301F-11D3-BF4B-00C04F79EFBC}") = "TestDepthFirst", "TestDepthFirst\TestDepthFirst.csproj", "{C452EEE4-0AF9-412B-8EC6-29F4BE7D397C}"
EndProject
Global
	GlobalSection(SolutionConfigurationPlatforms) = preSolution
		Debug|Any CPU = Debug|Any CPU
		Release|Any CPU = Release|Any CPU
	EndGlobalSection
	GlobalSection(ProjectConfigurationPlatforms) = postSolution
		{A75BE539-3E93-4C8F-9EC1-25747F7E7C5E}.Debug|Any CPU.ActiveCfg = Debug|Any CPU
		{A75BE539-3E93-4C8F-9EC1-25747F7E7C5E}.Debug|Any CPU.Build.0 = Debug|Any CPU
		{A75BE539-3E93-4C8F-9EC1-25747F7E7C5E}.Release|Any CPU.ActiveCfg = Release|Any CPU
		{A75BE539-3E93-4C8F-9EC1-25747F7E7C5E}.Release|Any CPU.Build.0 = Release|Any CPU
		{ACB06D49-2895-4992-AF30-9E717A6FC16E}.Debug|Any CPU.ActiveCfg = Debug|Any CPU
		{ACB06D49-2895-4992-AF30-9E717A6FC16E}.Debug|Any CPU.Build.0 = Debug|Any CPU
		{ACB06D49-2895-4992-AF30-9E717A6FC16E}.Release|Any CPU.ActiveCfg = Release|Any CPU
		{ACB06D49-2895-4992-AF30-9E717A6FC16E}.Release|Any CPU.Build.0 = Release|Any CPU
		{34FF3C63-9930-4CEA-81AF-16D647060889}.Debug|Any CPU.ActiveCfg = Debug|Any CPU
		{34FF3C63-9930-4CEA-81AF-16D647060889}.Debug|Any CPU.Build.0 = Debug|Any CPU
		{34FF3C63-9930-4CEA-81AF-16D647060889}.Release|Any CPU.ActiveCfg = Release|Any CPU
		{34FF3C63-9930-4CEA-81AF-16D647060889}.Release|Any CPU.Build.0 = Release|Any CPU
		{DD92668C-7E13-412E-9DB0-1D9CAF3C86E4}.Debug|Any CPU.ActiveCfg = Debug|Any CPU
		{DD92668C-7E13-412E-9DB0-1D9CAF3C86E4}.Debug|Any CPU.Build.0 = Debug|Any CPU
		{DD92668C-7E13-412E-9DB0-1D9CAF3C86E4}.Release|Any CPU.ActiveCfg = Release|Any CPU
		{DD92668C-7E13-412E-9DB0-1D9CAF3C86E4}.Release|Any CPU.Build.0 = Release|Any CPU
		{C452EEE4-0AF9-412B-8EC6-29F4BE7D397C}.Debug|Any CPU.ActiveCfg = Debug|Any CPU
		{C452EEE4-0AF9-412B-8EC6-29F4BE7D397C}.Debug|Any CPU.Build.0 = Debug|Any CPU
		{C452EEE4-0AF9-412B-8EC6-29F4BE7D397C}.Release|Any CPU.ActiveCfg = Release|Any CPU
		{C452EEE4-0AF9-412B-8EC6-29F4BE7D397C}.Release|Any CPU.Build.0 = Release|Any CPU
	EndGlobalSection
	GlobalSection(SolutionProperties) = preSolution
		HideSolutionNode = FALSE
	EndGlobalSection
	GlobalSection(ExtensibilityGlobals) = postSolution
		SolutionGuid = {EEF64E01-2EA9-4AB4-87EA-A3FEA9A7CD6F}
	EndGlobalSection
EndGlobal
