
Microsoft Visual Studio Solution File, Format Version 12.00
# Visual Studio Version 16
VisualStudioVersion = 16.0.32228.343
MinimumVisualStudioVersion = 10.0.40219.1
Project("{FAE04EC0-301F-11D3-BF4B-00C04F79EFBC}") = "Insertion-Sort", "Insertion-Sort\Insertion-Sort.csproj", "{EE53E881-C7DC-4A2C-BE98-94238484451B}"
EndProject
Project("{FAE04EC0-301F-11D3-BF4B-00C04F79EFBC}") = "TestProject1", "TestProject1\TestProject1.csproj", "{CEA18BB0-AD54-414E-8B47-A6FB4C0312D6}"
EndProject
Global
	GlobalSection(SolutionConfigurationPlatforms) = preSolution
		Debug|Any CPU = Debug|Any CPU
		Release|Any CPU = Release|Any CPU
	EndGlobalSection
	GlobalSection(ProjectConfigurationPlatforms) = postSolution
		{EE53E881-C7DC-4A2C-BE98-94238484451B}.Debug|Any CPU.ActiveCfg = Debug|Any CPU
		{EE53E881-C7DC-4A2C-BE98-94238484451B}.Debug|Any CPU.Build.0 = Debug|Any CPU
		{EE53E881-C7DC-4A2C-BE98-94238484451B}.Release|Any CPU.ActiveCfg = Release|Any CPU
		{EE53E881-C7DC-4A2C-BE98-94238484451B}.Release|Any CPU.Build.0 = Release|Any CPU
		{CEA18BB0-AD54-414E-8B47-A6FB4C0312D6}.Debug|Any CPU.ActiveCfg = Debug|Any CPU
		{CEA18BB0-AD54-414E-8B47-A6FB4C0312D6}.Debug|Any CPU.Build.0 = Debug|Any CPU
		{CEA18BB0-AD54-414E-8B47-A6FB4C0312D6}.Release|Any CPU.ActiveCfg = Release|Any CPU
		{CEA18BB0-AD54-414E-8B47-A6FB4C0312D6}.Release|Any CPU.Build.0 = Release|Any CPU
	EndGlobalSection
	GlobalSection(SolutionProperties) = preSolution
		HideSolutionNode = FALSE
	EndGlobalSection
	GlobalSection(ExtensibilityGlobals) = postSolution
		SolutionGuid = {12194B7D-54B4-404D-A48F-7235355157F4}
	EndGlobalSection
EndGlobal
